
Microsoft Visual Studio Solution File, Format Version 12.00
# Visual Studio 2013
VisualStudioVersion = 12.0.31101.0
MinimumVisualStudioVersion = 10.0.40219.1
Project("{FAE04EC0-301F-11D3-BF4B-00C04F79EFBC}") = "bankomat", "bankomat\bankomat.csproj", "{9A666F74-D719-4C77-B20E-95D82BA4B872}"
EndProject
Global
	GlobalSection(SolutionConfigurationPlatforms) = preSolution
		Debug|Any CPU = Debug|Any CPU
		Release|Any CPU = Release|Any CPU
	EndGlobalSection
	GlobalSection(ProjectConfigurationPlatforms) = postSolution
		{9A666F74-D719-4C77-B20E-95D82BA4B872}.Debug|Any CPU.ActiveCfg = Debug|Any CPU
		{9A666F74-D719-4C77-B20E-95D82BA4B872}.Debug|Any CPU.Build.0 = Debug|Any CPU
		{9A666F74-D719-4C77-B20E-95D82BA4B872}.Release|Any CPU.ActiveCfg = Release|Any CPU
		{9A666F74-D719-4C77-B20E-95D82BA4B872}.Release|Any CPU.Build.0 = Release|Any CPU
	EndGlobalSection
	GlobalSection(SolutionProperties) = preSolution
		HideSolutionNode = FALSE
	EndGlobalSection
EndGlobal
